
Microsoft Visual Studio Solution File, Format Version 12.00
# Visual Studio 15
VisualStudioVersion = 15.0.28307.539
MinimumVisualStudioVersion = 10.0.40219.1
Project("{FAE04EC0-301F-11D3-BF4B-00C04F79EFBC}") = "WpfApp3", "WpfApp3\WpfApp3.csproj", "{F7454D18-8AFB-4B98-90BB-CD1D7617126A}"
EndProject
Global
	GlobalSection(SolutionConfigurationPlatforms) = preSolution
		Debug|Any CPU = Debug|Any CPU
		Release|Any CPU = Release|Any CPU
	EndGlobalSection
	GlobalSection(ProjectConfigurationPlatforms) = postSolution
		{F7454D18-8AFB-4B98-90BB-CD1D7617126A}.Debug|Any CPU.ActiveCfg = Debug|Any CPU
		{F7454D18-8AFB-4B98-90BB-CD1D7617126A}.Debug|Any CPU.Build.0 = Debug|Any CPU
		{F7454D18-8AFB-4B98-90BB-CD1D7617126A}.Release|Any CPU.ActiveCfg = Release|Any CPU
		{F7454D18-8AFB-4B98-90BB-CD1D7617126A}.Release|Any CPU.Build.0 = Release|Any CPU
	EndGlobalSection
	GlobalSection(SolutionProperties) = preSolution
		HideSolutionNode = FALSE
	EndGlobalSection
	GlobalSection(ExtensibilityGlobals) = postSolution
		SolutionGuid = {026D84B2-B7FD-40B6-A22D-E18DB662436B}
	EndGlobalSection
EndGlobal
